
Microsoft Visual Studio Solution File, Format Version 12.00
# Visual Studio Version 16
VisualStudioVersion = 16.0.32228.343
MinimumVisualStudioVersion = 10.0.40219.1
Project("{8BC9CEB8-8B4A-11D0-8D11-00A0C91BC942}") = "LearnOpenGL", "src\LearnOpenGL\LearnOpenGL.vcxproj", "{29B714FE-A3AF-4B6B-B137-C1BE09221622}"
EndProject
Project("{8BC9CEB8-8B4A-11D0-8D11-00A0C91BC942}") = "HelloTriagle", "src\HelloTriagle\HelloTriagle.vcxproj", "{8129ED60-866F-4B92-8331-751EE38CEA4A}"
EndProject
Global
	GlobalSection(SolutionConfigurationPlatforms) = preSolution
		Debug|x64 = Debug|x64
		Debug|x86 = Debug|x86
		Release|x64 = Release|x64
		Release|x86 = Release|x86
	EndGlobalSection
	GlobalSection(ProjectConfigurationPlatforms) = postSolution
		{29B714FE-A3AF-4B6B-B137-C1BE09221622}.Debug|x64.ActiveCfg = Debug|x64
		{29B714FE-A3AF-4B6B-B137-C1BE09221622}.Debug|x64.Build.0 = Debug|x64
		{29B714FE-A3AF-4B6B-B137-C1BE09221622}.Debug|x86.ActiveCfg = Debug|Win32
		{29B714FE-A3AF-4B6B-B137-C1BE09221622}.Debug|x86.Build.0 = Debug|Win32
		{29B714FE-A3AF-4B6B-B137-C1BE09221622}.Release|x64.ActiveCfg = Release|x64
		{29B714FE-A3AF-4B6B-B137-C1BE09221622}.Release|x64.Build.0 = Release|x64
		{29B714FE-A3AF-4B6B-B137-C1BE09221622}.Release|x86.ActiveCfg = Release|Win32
		{29B714FE-A3AF-4B6B-B137-C1BE09221622}.Release|x86.Build.0 = Release|Win32
		{8129ED60-866F-4B92-8331-751EE38CEA4A}.Debug|x64.ActiveCfg = Debug|x64
		{8129ED60-866F-4B92-8331-751EE38CEA4A}.Debug|x64.Build.0 = Debug|x64
		{8129ED60-866F-4B92-8331-751EE38CEA4A}.Debug|x86.ActiveCfg = Debug|Win32
		{8129ED60-866F-4B92-8331-751EE38CEA4A}.Debug|x86.Build.0 = Debug|Win32
		{8129ED60-866F-4B92-8331-751EE38CEA4A}.Release|x64.ActiveCfg = Release|x64
		{8129ED60-866F-4B92-8331-751EE38CEA4A}.Release|x64.Build.0 = Release|x64
		{8129ED60-866F-4B92-8331-751EE38CEA4A}.Release|x86.ActiveCfg = Release|Win32
		{8129ED60-866F-4B92-8331-751EE38CEA4A}.Release|x86.Build.0 = Release|Win32
	EndGlobalSection
	GlobalSection(SolutionProperties) = preSolution
		HideSolutionNode = FALSE
	EndGlobalSection
	GlobalSection(ExtensibilityGlobals) = postSolution
		SolutionGuid = {64B17E94-F161-4B25-AFCC-3DC380B29D13}
	EndGlobalSection
EndGlobal
